{
    "_meta": {
        "hash": {
            "sha256": "a92f9359e0ed28296f8656e9e8dae215096d32f5f6e7a290e79f25898ef606b8"
        },
        "pipfile-spec": 6,
        "requires": {
            "python_version": "3.12"
        },
        "sources": [
            {
                "name": "pypi",
                "url": "https://pypi.org/simple",
                "verify_ssl": true
            }
        ]
    },
    "default": {
        "cxxfilt": {
            "hashes": [
                "sha256:774e85a8d0157775ed43276d89397d924b104135762d86b3a95f81f203094e07",
                "sha256:7df6464ba5e8efbf0d8974c0b2c78b32546676f06059a83515dbdfa559b34214"
            ],
            "index": "pypi",
            "version": "==0.3.0"
        }
    },
    "develop": {}
}
